// !$*UTF8*$!
{
	archiveVersion = 1;
	classes = {
	};
	objectVersion = 46;
	objects = {

/* Begin PBXBuildFile section */
		DACF96801D7A4AD30046DFFB /* CategoryMKAnnotationView.swift in Sources */ = {isa = PBXBuildFile; fileRef = DACF966E1D7A4AD30046DFFB /* CategoryMKAnnotationView.swift */; };
		DACF96811D7A4AD30046DFFB /* CategoryNSDate.swift in Sources */ = {isa = PBXBuildFile; fileRef = DACF966F1D7A4AD30046DFFB /* CategoryNSDate.swift */; };
		DACF96821D7A4AD30046DFFB /* CategoryNSFileManager.swift in Sources */ = {isa = PBXBuildFile; fileRef = DACF96701D7A4AD30046DFFB /* CategoryNSFileManager.swift */; };
		DACF96831D7A4AD30046DFFB /* CategoryNSManagerdObject.swift in Sources */ = {isa = PBXBuildFile; fileRef = DACF96711D7A4AD30046DFFB /* CategoryNSManagerdObject.swift */; };
		DACF96841D7A4AD30046DFFB /* CategoryNSNotification.swift in Sources */ = {isa = PBXBuildFile; fileRef = DACF96721D7A4AD30046DFFB /* CategoryNSNotification.swift */; };
		DACF96851D7A4AD30046DFFB /* CategoryUICollectionReusableView.swift in Sources */ = {isa = PBXBuildFile; fileRef = DACF96731D7A4AD30046DFFB /* CategoryUICollectionReusableView.swift */; };
		DACF96861D7A4AD30046DFFB /* CategoryUIColor.swift in Sources */ = {isa = PBXBuildFile; fileRef = DACF96741D7A4AD30046DFFB /* CategoryUIColor.swift */; };
		DACF96871D7A4AD30046DFFB /* CategoryUIFont.swift in Sources */ = {isa = PBXBuildFile; fileRef = DACF96751D7A4AD30046DFFB /* CategoryUIFont.swift */; };
		DACF96881D7A4AD30046DFFB /* CategoryUILocalNotification.swift in Sources */ = {isa = PBXBuildFile; fileRef = DACF96761D7A4AD30046DFFB /* CategoryUILocalNotification.swift */; };
		DACF96891D7A4AD30046DFFB /* CategoryUIViewController.swift in Sources */ = {isa = PBXBuildFile; fileRef = DACF96771D7A4AD30046DFFB /* CategoryUIViewController.swift */; };
		DACF968A1D7A4AD30046DFFB /* Localizable.strings in Resources */ = {isa = PBXBuildFile; fileRef = DACF967C1D7A4AD30046DFFB /* Localizable.strings */; };
		DACF968B1D7A4AD30046DFFB /* LaunchScreen.storyboard in Resources */ = {isa = PBXBuildFile; fileRef = DACF967E1D7A4AD30046DFFB /* LaunchScreen.storyboard */; };
		DACF968D1D7A4B6E0046DFFB /* CAppDelegate.swift in Sources */ = {isa = PBXBuildFile; fileRef = DACF968C1D7A4B6E0046DFFB /* CAppDelegate.swift */; };
		DACF968F1D7A4BA70046DFFB /* CParent.swift in Sources */ = {isa = PBXBuildFile; fileRef = DACF968E1D7A4BA70046DFFB /* CParent.swift */; };
		DACF96911D7A4C1F0046DFFB /* CGame.swift in Sources */ = {isa = PBXBuildFile; fileRef = DACF96901D7A4C1F0046DFFB /* CGame.swift */; };
		DACF96931D7A4C300046DFFB /* CController.swift in Sources */ = {isa = PBXBuildFile; fileRef = DACF96921D7A4C300046DFFB /* CController.swift */; };
/* End PBXBuildFile section */

/* Begin PBXFileReference section */
		DA9C55D11D7A496D006778D5 /* kitkat.app */ = {isa = PBXFileReference; explicitFileType = wrapper.application; includeInIndex = 0; path = kitkat.app; sourceTree = BUILT_PRODUCTS_DIR; };
		DA9C55E01D7A496D006778D5 /* Info.plist */ = {isa = PBXFileReference; lastKnownFileType = text.plist.xml; path = Info.plist; sourceTree = "<group>"; };
		DACF966E1D7A4AD30046DFFB /* CategoryMKAnnotationView.swift */ = {isa = PBXFileReference; fileEncoding = 4; lastKnownFileType = sourcecode.swift; path = CategoryMKAnnotationView.swift; sourceTree = "<group>"; };
		DACF966F1D7A4AD30046DFFB /* CategoryNSDate.swift */ = {isa = PBXFileReference; fileEncoding = 4; lastKnownFileType = sourcecode.swift; path = CategoryNSDate.swift; sourceTree = "<group>"; };
		DACF96701D7A4AD30046DFFB /* CategoryNSFileManager.swift */ = {isa = PBXFileReference; fileEncoding = 4; lastKnownFileType = sourcecode.swift; path = CategoryNSFileManager.swift; sourceTree = "<group>"; };
		DACF96711D7A4AD30046DFFB /* CategoryNSManagerdObject.swift */ = {isa = PBXFileReference; fileEncoding = 4; lastKnownFileType = sourcecode.swift; path = CategoryNSManagerdObject.swift; sourceTree = "<group>"; };
		DACF96721D7A4AD30046DFFB /* CategoryNSNotification.swift */ = {isa = PBXFileReference; fileEncoding = 4; lastKnownFileType = sourcecode.swift; path = CategoryNSNotification.swift; sourceTree = "<group>"; };
		DACF96731D7A4AD30046DFFB /* CategoryUICollectionReusableView.swift */ = {isa = PBXFileReference; fileEncoding = 4; lastKnownFileType = sourcecode.swift; path = CategoryUICollectionReusableView.swift; sourceTree = "<group>"; };
		DACF96741D7A4AD30046DFFB /* CategoryUIColor.swift */ = {isa = PBXFileReference; fileEncoding = 4; lastKnownFileType = sourcecode.swift; path = CategoryUIColor.swift; sourceTree = "<group>"; };
		DACF96751D7A4AD30046DFFB /* CategoryUIFont.swift */ = {isa = PBXFileReference; fileEncoding = 4; lastKnownFileType = sourcecode.swift; path = CategoryUIFont.swift; sourceTree = "<group>"; };
		DACF96761D7A4AD30046DFFB /* CategoryUILocalNotification.swift */ = {isa = PBXFileReference; fileEncoding = 4; lastKnownFileType = sourcecode.swift; path = CategoryUILocalNotification.swift; sourceTree = "<group>"; };
		DACF96771D7A4AD30046DFFB /* CategoryUIViewController.swift */ = {isa = PBXFileReference; fileEncoding = 4; lastKnownFileType = sourcecode.swift; path = CategoryUIViewController.swift; sourceTree = "<group>"; };
		DACF967D1D7A4AD30046DFFB /* en */ = {isa = PBXFileReference; lastKnownFileType = text.plist.strings; name = en; path = en.lproj/Localizable.strings; sourceTree = "<group>"; };
		DACF967E1D7A4AD30046DFFB /* LaunchScreen.storyboard */ = {isa = PBXFileReference; fileEncoding = 4; lastKnownFileType = file.storyboard; path = LaunchScreen.storyboard; sourceTree = "<group>"; };
		DACF968C1D7A4B6E0046DFFB /* CAppDelegate.swift */ = {isa = PBXFileReference; fileEncoding = 4; lastKnownFileType = sourcecode.swift; path = CAppDelegate.swift; sourceTree = "<group>"; };
		DACF968E1D7A4BA70046DFFB /* CParent.swift */ = {isa = PBXFileReference; fileEncoding = 4; lastKnownFileType = sourcecode.swift; path = CParent.swift; sourceTree = "<group>"; };
		DACF96901D7A4C1F0046DFFB /* CGame.swift */ = {isa = PBXFileReference; fileEncoding = 4; lastKnownFileType = sourcecode.swift; path = CGame.swift; sourceTree = "<group>"; };
		DACF96921D7A4C300046DFFB /* CController.swift */ = {isa = PBXFileReference; fileEncoding = 4; lastKnownFileType = sourcecode.swift; path = CController.swift; sourceTree = "<group>"; };
/* End PBXFileReference section */

/* Begin PBXFrameworksBuildPhase section */
		DA9C55CE1D7A496D006778D5 /* Frameworks */ = {
			isa = PBXFrameworksBuildPhase;
			buildActionMask = 2147483647;
			files = (
			);
			runOnlyForDeploymentPostprocessing = 0;
		};
/* End PBXFrameworksBuildPhase section */

/* Begin PBXGroup section */
		DA9C55C81D7A496D006778D5 = {
			isa = PBXGroup;
			children = (
				DA9C55D31D7A496D006778D5 /* kitkat */,
				DA9C55D21D7A496D006778D5 /* Products */,
			);
			sourceTree = "<group>";
		};
		DA9C55D21D7A496D006778D5 /* Products */ = {
			isa = PBXGroup;
			children = (
				DA9C55D11D7A496D006778D5 /* kitkat.app */,
			);
			name = Products;
			sourceTree = "<group>";
		};
		DA9C55D31D7A496D006778D5 /* kitkat */ = {
			isa = PBXGroup;
			children = (
				DACF966C1D7A4AD30046DFFB /* Asset */,
				DACF966D1D7A4AD30046DFFB /* Category */,
				DACF96781D7A4AD30046DFFB /* Controller */,
				DACF96791D7A4AD30046DFFB /* Firebase */,
				DACF967A1D7A4AD30046DFFB /* Model */,
				DACF967B1D7A4AD30046DFFB /* Resource */,
				DACF967F1D7A4AD30046DFFB /* View */,
				DA9C55E01D7A496D006778D5 /* Info.plist */,
			);
			path = kitkat;
			sourceTree = "<group>";
		};
		DACF966C1D7A4AD30046DFFB /* Asset */ = {
			isa = PBXGroup;
			children = (
			);
			path = Asset;
			sourceTree = "<group>";
		};
		DACF966D1D7A4AD30046DFFB /* Category */ = {
			isa = PBXGroup;
			children = (
				DACF966E1D7A4AD30046DFFB /* CategoryMKAnnotationView.swift */,
				DACF966F1D7A4AD30046DFFB /* CategoryNSDate.swift */,
				DACF96701D7A4AD30046DFFB /* CategoryNSFileManager.swift */,
				DACF96711D7A4AD30046DFFB /* CategoryNSManagerdObject.swift */,
				DACF96721D7A4AD30046DFFB /* CategoryNSNotification.swift */,
				DACF96731D7A4AD30046DFFB /* CategoryUICollectionReusableView.swift */,
				DACF96741D7A4AD30046DFFB /* CategoryUIColor.swift */,
				DACF96751D7A4AD30046DFFB /* CategoryUIFont.swift */,
				DACF96761D7A4AD30046DFFB /* CategoryUILocalNotification.swift */,
				DACF96771D7A4AD30046DFFB /* CategoryUIViewController.swift */,
			);
			path = Category;
			sourceTree = "<group>";
		};
		DACF96781D7A4AD30046DFFB /* Controller */ = {
			isa = PBXGroup;
			children = (
				DACF968C1D7A4B6E0046DFFB /* CAppDelegate.swift */,
				DACF968E1D7A4BA70046DFFB /* CParent.swift */,
				DACF96921D7A4C300046DFFB /* CController.swift */,
				DACF96901D7A4C1F0046DFFB /* CGame.swift */,
			);
			path = Controller;
			sourceTree = "<group>";
		};
		DACF96791D7A4AD30046DFFB /* Firebase */ = {
			isa = PBXGroup;
			children = (
			);
			path = Firebase;
			sourceTree = "<group>";
		};
		DACF967A1D7A4AD30046DFFB /* Model */ = {
			isa = PBXGroup;
			children = (
			);
			path = Model;
			sourceTree = "<group>";
		};
		DACF967B1D7A4AD30046DFFB /* Resource */ = {
			isa = PBXGroup;
			children = (
				DACF967C1D7A4AD30046DFFB /* Localizable.strings */,
				DACF967E1D7A4AD30046DFFB /* LaunchScreen.storyboard */,
			);
			path = Resource;
			sourceTree = "<group>";
		};
		DACF967F1D7A4AD30046DFFB /* View */ = {
			isa = PBXGroup;
			children = (
			);
			path = View;
			sourceTree = "<group>";
		};
/* End PBXGroup section */

/* Begin PBXNativeTarget section */
		DA9C55D01D7A496D006778D5 /* kitkat */ = {
			isa = PBXNativeTarget;
			buildConfigurationList = DA9C55E31D7A496D006778D5 /* Build configuration list for PBXNativeTarget "kitkat" */;
			buildPhases = (
				DA9C55CD1D7A496D006778D5 /* Sources */,
				DA9C55CE1D7A496D006778D5 /* Frameworks */,
				DA9C55CF1D7A496D006778D5 /* Resources */,
			);
			buildRules = (
			);
			dependencies = (
			);
			name = kitkat;
			productName = kitkat;
			productReference = DA9C55D11D7A496D006778D5 /* kitkat.app */;
			productType = "com.apple.product-type.application";
		};
/* End PBXNativeTarget section */

/* Begin PBXProject section */
		DA9C55C91D7A496D006778D5 /* Project object */ = {
			isa = PBXProject;
			attributes = {
				LastSwiftUpdateCheck = 0730;
				LastUpgradeCheck = 0730;
				ORGANIZATIONNAME = iturbide.kitkat;
				TargetAttributes = {
					DA9C55D01D7A496D006778D5 = {
						CreatedOnToolsVersion = 7.3.1;
						DevelopmentTeam = 7AMWG3RLHN;
					};
				};
			};
			buildConfigurationList = DA9C55CC1D7A496D006778D5 /* Build configuration list for PBXProject "kitkat" */;
			compatibilityVersion = "Xcode 3.2";
			developmentRegion = English;
			hasScannedForEncodings = 0;
			knownRegions = (
				en,
				Base,
			);
			mainGroup = DA9C55C81D7A496D006778D5;
			productRefGroup = DA9C55D21D7A496D006778D5 /* Products */;
			projectDirPath = "";
			projectRoot = "";
			targets = (
				DA9C55D01D7A496D006778D5 /* kitkat */,
			);
		};
/* End PBXProject section */

/* Begin PBXResourcesBuildPhase section */
		DA9C55CF1D7A496D006778D5 /* Resources */ = {
			isa = PBXResourcesBuildPhase;
			buildActionMask = 2147483647;
			files = (
				DACF968A1D7A4AD30046DFFB /* Localizable.strings in Resources */,
				DACF968B1D7A4AD30046DFFB /* LaunchScreen.storyboard in Resources */,
			);
			runOnlyForDeploymentPostprocessing = 0;
		};
/* End PBXResourcesBuildPhase section */

/* Begin PBXSourcesBuildPhase section */
		DA9C55CD1D7A496D006778D5 /* Sources */ = {
			isa = PBXSourcesBuildPhase;
			buildActionMask = 2147483647;
			files = (
				DACF96841D7A4AD30046DFFB /* CategoryNSNotification.swift in Sources */,
				DACF968D1D7A4B6E0046DFFB /* CAppDelegate.swift in Sources */,
				DACF96811D7A4AD30046DFFB /* CategoryNSDate.swift in Sources */,
				DACF96931D7A4C300046DFFB /* CController.swift in Sources */,
				DACF96871D7A4AD30046DFFB /* CategoryUIFont.swift in Sources */,
				DACF96821D7A4AD30046DFFB /* CategoryNSFileManager.swift in Sources */,
				DACF968F1D7A4BA70046DFFB /* CParent.swift in Sources */,
				DACF96831D7A4AD30046DFFB /* CategoryNSManagerdObject.swift in Sources */,
				DACF96881D7A4AD30046DFFB /* CategoryUILocalNotification.swift in Sources */,
				DACF96911D7A4C1F0046DFFB /* CGame.swift in Sources */,
				DACF96891D7A4AD30046DFFB /* CategoryUIViewController.swift in Sources */,
				DACF96801D7A4AD30046DFFB /* CategoryMKAnnotationView.swift in Sources */,
				DACF96851D7A4AD30046DFFB /* CategoryUICollectionReusableView.swift in Sources */,
				DACF96861D7A4AD30046DFFB /* CategoryUIColor.swift in Sources */,
			);
			runOnlyForDeploymentPostprocessing = 0;
		};
/* End PBXSourcesBuildPhase section */

/* Begin PBXVariantGroup section */
		DACF967C1D7A4AD30046DFFB /* Localizable.strings */ = {
			isa = PBXVariantGroup;
			children = (
				DACF967D1D7A4AD30046DFFB /* en */,
			);
			name = Localizable.strings;
			sourceTree = "<group>";
		};
/* End PBXVariantGroup section */

/* Begin XCBuildConfiguration section */
		DA9C55E11D7A496D006778D5 /* Debug */ = {
			isa = XCBuildConfiguration;
			buildSettings = {
				ALWAYS_SEARCH_USER_PATHS = NO;
				CLANG_ANALYZER_NONNULL = YES;
				CLANG_CXX_LANGUAGE_STANDARD = "gnu++0x";
				CLANG_CXX_LIBRARY = "libc++";
				CLANG_ENABLE_MODULES = YES;
				CLANG_ENABLE_OBJC_ARC = YES;
				CLANG_WARN_BOOL_CONVERSION = YES;
				CLANG_WARN_CONSTANT_CONVERSION = YES;
				CLANG_WARN_DIRECT_OBJC_ISA_USAGE = YES_ERROR;
				CLANG_WARN_EMPTY_BODY = YES;
				CLANG_WARN_ENUM_CONVERSION = YES;
				CLANG_WARN_INT_CONVERSION = YES;
				CLANG_WARN_OBJC_ROOT_CLASS = YES_ERROR;
				CLANG_WARN_UNREACHABLE_CODE = YES;
				CLANG_WARN__DUPLICATE_METHOD_MATCH = YES;
				"CODE_SIGN_IDENTITY[sdk=iphoneos*]" = "iPhone Developer";
				COPY_PHASE_STRIP = NO;
				DEBUG_INFORMATION_FORMAT = dwarf;
				ENABLE_STRICT_OBJC_MSGSEND = YES;
				ENABLE_TESTABILITY = YES;
				GCC_C_LANGUAGE_STANDARD = gnu99;
				GCC_DYNAMIC_NO_PIC = NO;
				GCC_NO_COMMON_BLOCKS = YES;
				GCC_OPTIMIZATION_LEVEL = 0;
				GCC_PREPROCESSOR_DEFINITIONS = (
					"DEBUG=1",
					"$(inherited)",
				);
				GCC_WARN_64_TO_32_BIT_CONVERSION = YES;
				GCC_WARN_ABOUT_RETURN_TYPE = YES_ERROR;
				GCC_WARN_UNDECLARED_SELECTOR = YES;
				GCC_WARN_UNINITIALIZED_AUTOS = YES_AGGRESSIVE;
				GCC_WARN_UNUSED_FUNCTION = YES;
				GCC_WARN_UNUSED_VARIABLE = YES;
				IPHONEOS_DEPLOYMENT_TARGET = 9.0;
				MTL_ENABLE_DEBUG_INFO = YES;
				ONLY_ACTIVE_ARCH = YES;
				SDKROOT = iphoneos;
				SWIFT_OPTIMIZATION_LEVEL = "-Onone";
				TARGETED_DEVICE_FAMILY = "1,2";
			};
			name = Debug;
		};
		DA9C55E21D7A496D006778D5 /* Release */ = {
			isa = XCBuildConfiguration;
			buildSettings = {
				ALWAYS_SEARCH_USER_PATHS = NO;
				CLANG_ANALYZER_NONNULL = YES;
				CLANG_CXX_LANGUAGE_STANDARD = "gnu++0x";
				CLANG_CXX_LIBRARY = "libc++";
				CLANG_ENABLE_MODULES = YES;
				CLANG_ENABLE_OBJC_ARC = YES;
				CLANG_WARN_BOOL_CONVERSION = YES;
				CLANG_WARN_CONSTANT_CONVERSION = YES;
				CLANG_WARN_DIRECT_OBJC_ISA_USAGE = YES_ERROR;
				CLANG_WARN_EMPTY_BODY = YES;
				CLANG_WARN_ENUM_CONVERSION = YES;
				CLANG_WARN_INT_CONVERSION = YES;
				CLANG_WARN_OBJC_ROOT_CLASS = YES_ERROR;
				CLANG_WARN_UNREACHABLE_CODE = YES;
				CLANG_WARN__DUPLICATE_METHOD_MATCH = YES;
				"CODE_SIGN_IDENTITY[sdk=iphoneos*]" = "iPhone Developer";
				COPY_PHASE_STRIP = NO;
				DEBUG_INFORMATION_FORMAT = "dwarf-with-dsym";
				ENABLE_NS_ASSERTIONS = NO;
				ENABLE_STRICT_OBJC_MSGSEND = YES;
				GCC_C_LANGUAGE_STANDARD = gnu99;
				GCC_NO_COMMON_BLOCKS = YES;
				GCC_WARN_64_TO_32_BIT_CONVERSION = YES;
				GCC_WARN_ABOUT_RETURN_TYPE = YES_ERROR;
				GCC_WARN_UNDECLARED_SELECTOR = YES;
				GCC_WARN_UNINITIALIZED_AUTOS = YES_AGGRESSIVE;
				GCC_WARN_UNUSED_FUNCTION = YES;
				GCC_WARN_UNUSED_VARIABLE = YES;
				IPHONEOS_DEPLOYMENT_TARGET = 9.0;
				MTL_ENABLE_DEBUG_INFO = NO;
				SDKROOT = iphoneos;
				TARGETED_DEVICE_FAMILY = "1,2";
				VALIDATE_PRODUCT = YES;
			};
			name = Release;
		};
		DA9C55E41D7A496D006778D5 /* Debug */ = {
			isa = XCBuildConfiguration;
			buildSettings = {
				CODE_SIGN_IDENTITY = "iPhone Developer";
				INFOPLIST_FILE = kitkat/Info.plist;
				LD_RUNPATH_SEARCH_PATHS = "$(inherited) @executable_path/Frameworks";
				OTHER_SWIFT_FLAGS = "-D DEBUG";
				PRODUCT_BUNDLE_IDENTIFIER = iturbide.kitkat;
				PRODUCT_NAME = "$(TARGET_NAME)";
				TARGETED_DEVICE_FAMILY = "1,2";
			};
			name = Debug;
		};
		DA9C55E51D7A496D006778D5 /* Release */ = {
			isa = XCBuildConfiguration;
			buildSettings = {
				CODE_SIGN_IDENTITY = "iPhone Distribution";
				INFOPLIST_FILE = kitkat/Info.plist;
				LD_RUNPATH_SEARCH_PATHS = "$(inherited) @executable_path/Frameworks";
				PRODUCT_BUNDLE_IDENTIFIER = iturbide.kitkat;
				PRODUCT_NAME = "$(TARGET_NAME)";
				TARGETED_DEVICE_FAMILY = "1,2";
			};
			name = Release;
		};
/* End XCBuildConfiguration section */

/* Begin XCConfigurationList section */
		DA9C55CC1D7A496D006778D5 /* Build configuration list for PBXProject "kitkat" */ = {
			isa = XCConfigurationList;
			buildConfigurations = (
				DA9C55E11D7A496D006778D5 /* Debug */,
				DA9C55E21D7A496D006778D5 /* Release */,
			);
			defaultConfigurationIsVisible = 0;
			defaultConfigurationName = Release;
		};
		DA9C55E31D7A496D006778D5 /* Build configuration list for PBXNativeTarget "kitkat" */ = {
			isa = XCConfigurationList;
			buildConfigurations = (
				DA9C55E41D7A496D006778D5 /* Debug */,
				DA9C55E51D7A496D006778D5 /* Release */,
			);
			defaultConfigurationIsVisible = 0;
			defaultConfigurationName = Release;
		};
/* End XCConfigurationList section */
	};
	rootObject = DA9C55C91D7A496D006778D5 /* Project object */;
}
